
Microsoft Visual Studio Solution File, Format Version 12.00
# Visual Studio Version 16
VisualStudioVersion = 16.0.30413.136
MinimumVisualStudioVersion = 10.0.40219.1
Project("{FAE04EC0-301F-11D3-BF4B-00C04F79EFBC}") = "Vypocty", "Vypocty\Vypocty.csproj", "{7E347931-1448-4544-A54C-D52CD3973C4C}"
EndProject
Project("{FAE04EC0-301F-11D3-BF4B-00C04F79EFBC}") = "CelaCisla", "CelaCisla\CelaCisla.csproj", "{C842E62E-F308-47EF-9396-98CA556531A5}"
EndProject
Global
	GlobalSection(SolutionConfigurationPlatforms) = preSolution
		Debug|Any CPU = Debug|Any CPU
		Release|Any CPU = Release|Any CPU
	EndGlobalSection
	GlobalSection(ProjectConfigurationPlatforms) = postSolution
		{7E347931-1448-4544-A54C-D52CD3973C4C}.Debug|Any CPU.ActiveCfg = Debug|Any CPU
		{7E347931-1448-4544-A54C-D52CD3973C4C}.Debug|Any CPU.Build.0 = Debug|Any CPU
		{7E347931-1448-4544-A54C-D52CD3973C4C}.Release|Any CPU.ActiveCfg = Release|Any CPU
		{7E347931-1448-4544-A54C-D52CD3973C4C}.Release|Any CPU.Build.0 = Release|Any CPU
		{C842E62E-F308-47EF-9396-98CA556531A5}.Debug|Any CPU.ActiveCfg = Debug|Any CPU
		{C842E62E-F308-47EF-9396-98CA556531A5}.Debug|Any CPU.Build.0 = Debug|Any CPU
		{C842E62E-F308-47EF-9396-98CA556531A5}.Release|Any CPU.ActiveCfg = Release|Any CPU
		{C842E62E-F308-47EF-9396-98CA556531A5}.Release|Any CPU.Build.0 = Release|Any CPU
	EndGlobalSection
	GlobalSection(SolutionProperties) = preSolution
		HideSolutionNode = FALSE
	EndGlobalSection
	GlobalSection(ExtensibilityGlobals) = postSolution
		SolutionGuid = {58FD2840-6127-46E1-8810-790E4BF6FE7C}
	EndGlobalSection
EndGlobal
